
Microsoft Visual Studio Solution File, Format Version 12.00
# Visual Studio Version 17
VisualStudioVersion = 17.7.34031.279
MinimumVisualStudioVersion = 10.0.40219.1
Project("{FAE04EC0-301F-11D3-BF4B-00C04F79EFBC}") = "MvcCreditApp", "MvcCreditApp.csproj", "{B79A5B25-0488-4A83-AE2C-2D5B48AEEFEB}"
EndProject
Global
	GlobalSection(SolutionConfigurationPlatforms) = preSolution
		Debug|Any CPU = Debug|Any CPU
		Release|Any CPU = Release|Any CPU
	EndGlobalSection
	GlobalSection(ProjectConfigurationPlatforms) = postSolution
		{B79A5B25-0488-4A83-AE2C-2D5B48AEEFEB}.Debug|Any CPU.ActiveCfg = Debug|Any CPU
		{B79A5B25-0488-4A83-AE2C-2D5B48AEEFEB}.Debug|Any CPU.Build.0 = Debug|Any CPU
		{B79A5B25-0488-4A83-AE2C-2D5B48AEEFEB}.Release|Any CPU.ActiveCfg = Release|Any CPU
		{B79A5B25-0488-4A83-AE2C-2D5B48AEEFEB}.Release|Any CPU.Build.0 = Release|Any CPU
	EndGlobalSection
	GlobalSection(SolutionProperties) = preSolution
		HideSolutionNode = FALSE
	EndGlobalSection
	GlobalSection(ExtensibilityGlobals) = postSolution
		SolutionGuid = {417002AF-D72A-4258-9EC8-F78C91B8EC31}
	EndGlobalSection
EndGlobal
